{
  "requires": true,
  "lockfileVersion": 1,
  "dependencies": {
    "fontsource-aclonica": {
      "version": "3.0.9",
      "resolved": "https://registry.npmjs.org/fontsource-aclonica/-/fontsource-aclonica-3.0.9.tgz",
      "integrity": "sha512-vp2G0P4NnOeOrItAVGpKgttiqvI6cDCUS4D20wM64PLMqO7HgmblnlEpzki3A1HtdbSpp9LKHOg/mhqFYE7MSw=="
    }
  }
}
